{
  "name": "@jzck/open3cl",
  "version": "0.1.0",
  "lockfileVersion": 3,
  "requires": true,
  "packages": {
    "": {
      "name": "@jzck/open3cl",
      "version": "0.1.0",
      "license": "GPL-3.0",
      "dependencies": {
        "fast-xml-parser": "^4.3.3",
        "lodash": "^4.17.21"
      }
    },
    "node_modules/fast-xml-parser": {
      "version": "4.3.6",
      "resolved": "https://registry.npmjs.org/fast-xml-parser/-/fast-xml-parser-4.3.6.tgz",
      "integrity": "sha512-M2SovcRxD4+vC493Uc2GZVcZaj66CCJhWurC4viynVSTvrpErCShNcDz1lAho6n9REQKvL/ll4A4/fw6Y9z8nw==",
      "funding": [
        {
          "type": "github",
          "url": "https://github.com/sponsors/NaturalIntelligence"
        },
        {
          "type": "paypal",
          "url": "https://paypal.me/naturalintelligence"
        }
      ],
      "dependencies": {
        "strnum": "^1.0.5"
      },
      "bin": {
        "fxparser": "src/cli/cli.js"
      }
    },
    "node_modules/lodash": {
      "version": "4.17.21",
      "resolved": "https://registry.npmjs.org/lodash/-/lodash-4.17.21.tgz",
      "integrity": "sha512-v2kDEe57lecTulaDIuNTPy3Ry4gLGJ6Z1O3vE1krgXZNrsQ+LFTGHVxVjcXPs17LhbZVGedAJv8XZ1tvj5FvSg=="
    },
    "node_modules/strnum": {
      "version": "1.0.5",
      "resolved": "https://registry.npmjs.org/strnum/-/strnum-1.0.5.tgz",
      "integrity": "sha512-J8bbNyKKXl5qYcR36TIO8W3mVGVHrmmxsd5PAItGkmyzwJvybiw2IVq5nqd0i4LSNSkB/sx9VHllbfFdr9k1JA=="
    }
  }
}
